// !$*UTF8*$!
{
	archiveVersion = 1;
	classes = {
	};
	objectVersion = 46;
	objects = {

/* Begin PBXBuildFile section */
		166E933E1EA7787D00BD1C45 /* Usuario.swift in Sources */ = {isa = PBXBuildFile; fileRef = 166E933D1EA7787D00BD1C45 /* Usuario.swift */; };
		166E93411EA79F3700BD1C45 /* CadastraProdutoDelegate.swift in Sources */ = {isa = PBXBuildFile; fileRef = 166E93401EA79F3700BD1C45 /* CadastraProdutoDelegate.swift */; };
		166E93441EA7A08C00BD1C45 /* DadosSync.swift in Sources */ = {isa = PBXBuildFile; fileRef = 166E93431EA7A08C00BD1C45 /* DadosSync.swift */; };
		1671F5031EA671DA0021EC98 /* AppDelegate.swift in Sources */ = {isa = PBXBuildFile; fileRef = 1671F5021EA671DA0021EC98 /* AppDelegate.swift */; };
		1671F5081EA671DA0021EC98 /* Main.storyboard in Resources */ = {isa = PBXBuildFile; fileRef = 1671F5061EA671DA0021EC98 /* Main.storyboard */; };
		1671F50B1EA671DA0021EC98 /* ListaShare.xcdatamodeld in Sources */ = {isa = PBXBuildFile; fileRef = 1671F5091EA671DA0021EC98 /* ListaShare.xcdatamodeld */; };
		1671F50D1EA671DA0021EC98 /* Assets.xcassets in Resources */ = {isa = PBXBuildFile; fileRef = 1671F50C1EA671DA0021EC98 /* Assets.xcassets */; };
		1671F5101EA671DA0021EC98 /* LaunchScreen.storyboard in Resources */ = {isa = PBXBuildFile; fileRef = 1671F50E1EA671DA0021EC98 /* LaunchScreen.storyboard */; };
		1671F51B1EA671DA0021EC98 /* ListaShareTests.swift in Sources */ = {isa = PBXBuildFile; fileRef = 1671F51A1EA671DA0021EC98 /* ListaShareTests.swift */; };
		1671F5271EA67A4F0021EC98 /* CustomCollectionViewCell.swift in Sources */ = {isa = PBXBuildFile; fileRef = 1671F5261EA67A4F0021EC98 /* CustomCollectionViewCell.swift */; };
		1671F52C1EA6821D0021EC98 /* ListaCustomCell.swift in Sources */ = {isa = PBXBuildFile; fileRef = 1671F52B1EA6821D0021EC98 /* ListaCustomCell.swift */; };
		1671F52E1EA6822D0021EC98 /* ProdutoCustomCell.swift in Sources */ = {isa = PBXBuildFile; fileRef = 1671F52D1EA6822D0021EC98 /* ProdutoCustomCell.swift */; };
		1671F5301EA682510021EC98 /* ListasTableViewController.swift in Sources */ = {isa = PBXBuildFile; fileRef = 1671F52F1EA682510021EC98 /* ListasTableViewController.swift */; };
		1671F5321EA6827D0021EC98 /* ListaProdutoTableViewController.swift in Sources */ = {isa = PBXBuildFile; fileRef = 1671F5311EA6827D0021EC98 /* ListaProdutoTableViewController.swift */; };
		1671F5341EA682900021EC98 /* LoginViewController.swift in Sources */ = {isa = PBXBuildFile; fileRef = 1671F5331EA682900021EC98 /* LoginViewController.swift */; };
		1671F5361EA682A90021EC98 /* MeusDadosViewController.swift in Sources */ = {isa = PBXBuildFile; fileRef = 1671F5351EA682A90021EC98 /* MeusDadosViewController.swift */; };
		1671F5381EA682C10021EC98 /* CadastroProdutoViewController.swift in Sources */ = {isa = PBXBuildFile; fileRef = 1671F5371EA682C10021EC98 /* CadastroProdutoViewController.swift */; };
		1671F53D1EA6843E0021EC98 /* GruposViewController.swift in Sources */ = {isa = PBXBuildFile; fileRef = 1671F53B1EA6843E0021EC98 /* GruposViewController.swift */; };
		1671F53E1EA6843E0021EC98 /* ShareTableViewController.swift in Sources */ = {isa = PBXBuildFile; fileRef = 1671F53C1EA6843E0021EC98 /* ShareTableViewController.swift */; };
		1671F5401EA687C00021EC98 /* SplashViewController.swift in Sources */ = {isa = PBXBuildFile; fileRef = 1671F53F1EA687C00021EC98 /* SplashViewController.swift */; };
		1F9D241A1EA68F0400F3FE86 /* Dao.swift in Sources */ = {isa = PBXBuildFile; fileRef = 1F9D24191EA68F0400F3FE86 /* Dao.swift */; };
		334506F53BF99C84F568357E /* Pods_ListaShareTests.framework in Frameworks */ = {isa = PBXBuildFile; fileRef = DA5A52F0C17F52517A042DA2 /* Pods_ListaShareTests.framework */; };
		A81D8BD786EC5571B549B421 /* Pods_ListaShare.framework in Frameworks */ = {isa = PBXBuildFile; fileRef = 1A00091CF5A6A0E720EB291A /* Pods_ListaShare.framework */; settings = {ATTRIBUTES = (Required, ); }; };
/* End PBXBuildFile section */

/* Begin PBXContainerItemProxy section */
		1671F5171EA671DA0021EC98 /* PBXContainerItemProxy */ = {
			isa = PBXContainerItemProxy;
			containerPortal = 1671F4F71EA671DA0021EC98 /* Project object */;
			proxyType = 1;
			remoteGlobalIDString = 1671F4FE1EA671DA0021EC98;
			remoteInfo = ListaShare;
		};
/* End PBXContainerItemProxy section */

/* Begin PBXFileReference section */
		166E933D1EA7787D00BD1C45 /* Usuario.swift */ = {isa = PBXFileReference; fileEncoding = 4; lastKnownFileType = sourcecode.swift; name = Usuario.swift; path = modelo/Usuario.swift; sourceTree = "<group>"; };
		166E93401EA79F3700BD1C45 /* CadastraProdutoDelegate.swift */ = {isa = PBXFileReference; fileEncoding = 4; lastKnownFileType = sourcecode.swift; name = CadastraProdutoDelegate.swift; path = delegate/CadastraProdutoDelegate.swift; sourceTree = "<group>"; };
		166E93431EA7A08C00BD1C45 /* DadosSync.swift */ = {isa = PBXFileReference; fileEncoding = 4; lastKnownFileType = sourcecode.swift; name = DadosSync.swift; path = util/DadosSync.swift; sourceTree = "<group>"; };
		166E93451EA7C5B300BD1C45 /* Pods_ListaShareTests.framework */ = {isa = PBXFileReference; lastKnownFileType = wrapper.framework; name = Pods_ListaShareTests.framework; path = "Pods/../build/Debug-iphoneos/Pods_ListaShareTests.framework"; sourceTree = "<group>"; };
		166E93471EA7D78300BD1C45 /* Alamofire.framework */ = {isa = PBXFileReference; lastKnownFileType = wrapper.framework; name = Alamofire.framework; path = "../../../Library/Developer/Xcode/DerivedData/ListaShare-acoggoxmkowquecbvhawzucbvtzp/Build/Products/Debug-iphonesimulator/Alamofire/Alamofire.framework"; sourceTree = "<group>"; };
		166E93481EA7D78300BD1C45 /* AlamofireImage.framework */ = {isa = PBXFileReference; lastKnownFileType = wrapper.framework; name = AlamofireImage.framework; path = "../../../Library/Developer/Xcode/DerivedData/ListaShare-acoggoxmkowquecbvhawzucbvtzp/Build/Products/Debug-iphonesimulator/AlamofireImage/AlamofireImage.framework"; sourceTree = "<group>"; };
		166E93491EA7D78300BD1C45 /* AlamofireObjectMapper.framework */ = {isa = PBXFileReference; lastKnownFileType = wrapper.framework; name = AlamofireObjectMapper.framework; path = "../../../Library/Developer/Xcode/DerivedData/ListaShare-acoggoxmkowquecbvhawzucbvtzp/Build/Products/Debug-iphonesimulator/AlamofireObjectMapper/AlamofireObjectMapper.framework"; sourceTree = "<group>"; };
		166E934A1EA7D78300BD1C45 /* ObjectMapper.framework */ = {isa = PBXFileReference; lastKnownFileType = wrapper.framework; name = ObjectMapper.framework; path = "../../../Library/Developer/Xcode/DerivedData/ListaShare-acoggoxmkowquecbvhawzucbvtzp/Build/Products/Debug-iphonesimulator/ObjectMapper/ObjectMapper.framework"; sourceTree = "<group>"; };
		166E934B1EA7D78300BD1C45 /* TPKeyboardAvoiding.framework */ = {isa = PBXFileReference; lastKnownFileType = wrapper.framework; name = TPKeyboardAvoiding.framework; path = "../../../Library/Developer/Xcode/DerivedData/ListaShare-acoggoxmkowquecbvhawzucbvtzp/Build/Products/Debug-iphonesimulator/TPKeyboardAvoiding/TPKeyboardAvoiding.framework"; sourceTree = "<group>"; };
		1671F4FF1EA671DA0021EC98 /* ListaShare.app */ = {isa = PBXFileReference; explicitFileType = wrapper.application; includeInIndex = 0; path = ListaShare.app; sourceTree = BUILT_PRODUCTS_DIR; };
		1671F5021EA671DA0021EC98 /* AppDelegate.swift */ = {isa = PBXFileReference; lastKnownFileType = sourcecode.swift; path = AppDelegate.swift; sourceTree = "<group>"; };
		1671F5071EA671DA0021EC98 /* Base */ = {isa = PBXFileReference; lastKnownFileType = file.storyboard; name = Base; path = Base.lproj/Main.storyboard; sourceTree = "<group>"; };
		1671F50A1EA671DA0021EC98 /* ListaShare.xcdatamodel */ = {isa = PBXFileReference; lastKnownFileType = wrapper.xcdatamodel; path = ListaShare.xcdatamodel; sourceTree = "<group>"; };
		1671F50C1EA671DA0021EC98 /* Assets.xcassets */ = {isa = PBXFileReference; lastKnownFileType = folder.assetcatalog; path = Assets.xcassets; sourceTree = "<group>"; };
		1671F50F1EA671DA0021EC98 /* Base */ = {isa = PBXFileReference; lastKnownFileType = file.storyboard; name = Base; path = Base.lproj/LaunchScreen.storyboard; sourceTree = "<group>"; };
		1671F5111EA671DA0021EC98 /* Info.plist */ = {isa = PBXFileReference; lastKnownFileType = text.plist.xml; path = Info.plist; sourceTree = "<group>"; };
		1671F5161EA671DA0021EC98 /* ListaShareTests.xctest */ = {isa = PBXFileReference; explicitFileType = wrapper.cfbundle; includeInIndex = 0; path = ListaShareTests.xctest; sourceTree = BUILT_PRODUCTS_DIR; };
		1671F51A1EA671DA0021EC98 /* ListaShareTests.swift */ = {isa = PBXFileReference; lastKnownFileType = sourcecode.swift; path = ListaShareTests.swift; sourceTree = "<group>"; };
		1671F51C1EA671DA0021EC98 /* Info.plist */ = {isa = PBXFileReference; lastKnownFileType = text.plist.xml; path = Info.plist; sourceTree = "<group>"; };
		1671F5261EA67A4F0021EC98 /* CustomCollectionViewCell.swift */ = {isa = PBXFileReference; fileEncoding = 4; lastKnownFileType = sourcecode.swift; name = CustomCollectionViewCell.swift; path = custom/CustomCollectionViewCell.swift; sourceTree = "<group>"; };
		1671F52B1EA6821D0021EC98 /* ListaCustomCell.swift */ = {isa = PBXFileReference; fileEncoding = 4; lastKnownFileType = sourcecode.swift; name = ListaCustomCell.swift; path = custom/ListaCustomCell.swift; sourceTree = "<group>"; };
		1671F52D1EA6822D0021EC98 /* ProdutoCustomCell.swift */ = {isa = PBXFileReference; fileEncoding = 4; lastKnownFileType = sourcecode.swift; name = ProdutoCustomCell.swift; path = custom/ProdutoCustomCell.swift; sourceTree = "<group>"; };
		1671F52F1EA682510021EC98 /* ListasTableViewController.swift */ = {isa = PBXFileReference; fileEncoding = 4; lastKnownFileType = sourcecode.swift; name = ListasTableViewController.swift; path = controllers/ListasTableViewController.swift; sourceTree = "<group>"; };
		1671F5311EA6827D0021EC98 /* ListaProdutoTableViewController.swift */ = {isa = PBXFileReference; fileEncoding = 4; lastKnownFileType = sourcecode.swift; name = ListaProdutoTableViewController.swift; path = controllers/ListaProdutoTableViewController.swift; sourceTree = "<group>"; };
		1671F5331EA682900021EC98 /* LoginViewController.swift */ = {isa = PBXFileReference; fileEncoding = 4; lastKnownFileType = sourcecode.swift; name = LoginViewController.swift; path = controllers/LoginViewController.swift; sourceTree = "<group>"; };
		1671F5351EA682A90021EC98 /* MeusDadosViewController.swift */ = {isa = PBXFileReference; fileEncoding = 4; lastKnownFileType = sourcecode.swift; name = MeusDadosViewController.swift; path = controllers/MeusDadosViewController.swift; sourceTree = "<group>"; };
		1671F5371EA682C10021EC98 /* CadastroProdutoViewController.swift */ = {isa = PBXFileReference; fileEncoding = 4; lastKnownFileType = sourcecode.swift; name = CadastroProdutoViewController.swift; path = controllers/CadastroProdutoViewController.swift; sourceTree = "<group>"; };
		1671F53B1EA6843E0021EC98 /* GruposViewController.swift */ = {isa = PBXFileReference; fileEncoding = 4; lastKnownFileType = sourcecode.swift; name = GruposViewController.swift; path = controllers/GruposViewController.swift; sourceTree = "<group>"; };
		1671F53C1EA6843E0021EC98 /* ShareTableViewController.swift */ = {isa = PBXFileReference; fileEncoding = 4; lastKnownFileType = sourcecode.swift; name = ShareTableViewController.swift; path = controllers/ShareTableViewController.swift; sourceTree = "<group>"; };
		1671F53F1EA687C00021EC98 /* SplashViewController.swift */ = {isa = PBXFileReference; fileEncoding = 4; lastKnownFileType = sourcecode.swift; name = SplashViewController.swift; path = controllers/SplashViewController.swift; sourceTree = "<group>"; };
		1A00091CF5A6A0E720EB291A /* Pods_ListaShare.framework */ = {isa = PBXFileReference; explicitFileType = wrapper.framework; includeInIndex = 0; path = Pods_ListaShare.framework; sourceTree = BUILT_PRODUCTS_DIR; };
		1E694334FD5B2BE814F5BD44 /* Pods-ListaShare.release.xcconfig */ = {isa = PBXFileReference; includeInIndex = 1; lastKnownFileType = text.xcconfig; name = "Pods-ListaShare.release.xcconfig"; path = "Pods/Target Support Files/Pods-ListaShare/Pods-ListaShare.release.xcconfig"; sourceTree = "<group>"; };
		1F9D24191EA68F0400F3FE86 /* Dao.swift */ = {isa = PBXFileReference; fileEncoding = 4; lastKnownFileType = sourcecode.swift; name = Dao.swift; path = DAO/Dao.swift; sourceTree = "<group>"; };
		5B2E1F0C108FD847FA0891EB /* Pods-ListaShare.debug.xcconfig */ = {isa = PBXFileReference; includeInIndex = 1; lastKnownFileType = text.xcconfig; name = "Pods-ListaShare.debug.xcconfig"; path = "Pods/Target Support Files/Pods-ListaShare/Pods-ListaShare.debug.xcconfig"; sourceTree = "<group>"; };
		9152F7EFA8D06053A47C1A29 /* Pods-ListaShareTests.release.xcconfig */ = {isa = PBXFileReference; includeInIndex = 1; lastKnownFileType = text.xcconfig; name = "Pods-ListaShareTests.release.xcconfig"; path = "Pods/Target Support Files/Pods-ListaShareTests/Pods-ListaShareTests.release.xcconfig"; sourceTree = "<group>"; };
		A178E987F7C3C445B4201657 /* Pods-ListaShareTests.debug.xcconfig */ = {isa = PBXFileReference; includeInIndex = 1; lastKnownFileType = text.xcconfig; name = "Pods-ListaShareTests.debug.xcconfig"; path = "Pods/Target Support Files/Pods-ListaShareTests/Pods-ListaShareTests.debug.xcconfig"; sourceTree = "<group>"; };
		DA5A52F0C17F52517A042DA2 /* Pods_ListaShareTests.framework */ = {isa = PBXFileReference; explicitFileType = wrapper.framework; includeInIndex = 0; path = Pods_ListaShareTests.framework; sourceTree = BUILT_PRODUCTS_DIR; };
/* End PBXFileReference section */

/* Begin PBXFrameworksBuildPhase section */
		1671F4FC1EA671DA0021EC98 /* Frameworks */ = {
			isa = PBXFrameworksBuildPhase;
			buildActionMask = 2147483647;
			files = (
				A81D8BD786EC5571B549B421 /* Pods_ListaShare.framework in Frameworks */,
			);
			runOnlyForDeploymentPostprocessing = 0;
		};
		1671F5131EA671DA0021EC98 /* Frameworks */ = {
			isa = PBXFrameworksBuildPhase;
			buildActionMask = 2147483647;
			files = (
				334506F53BF99C84F568357E /* Pods_ListaShareTests.framework in Frameworks */,
			);
			runOnlyForDeploymentPostprocessing = 0;
		};
/* End PBXFrameworksBuildPhase section */

/* Begin PBXGroup section */
		166E933C1EA7786300BD1C45 /* modelo */ = {
			isa = PBXGroup;
			children = (
				166E933D1EA7787D00BD1C45 /* Usuario.swift */,
			);
			name = modelo;
			sourceTree = "<group>";
		};
		166E933F1EA79F1F00BD1C45 /* delegate */ = {
			isa = PBXGroup;
			children = (
				166E93401EA79F3700BD1C45 /* CadastraProdutoDelegate.swift */,
			);
			name = delegate;
			sourceTree = "<group>";
		};
		166E93421EA7A07600BD1C45 /* util */ = {
			isa = PBXGroup;
			children = (
				166E93431EA7A08C00BD1C45 /* DadosSync.swift */,
			);
			name = util;
			sourceTree = "<group>";
		};
		1671F4F61EA671DA0021EC98 = {
			isa = PBXGroup;
			children = (
				1671F5011EA671DA0021EC98 /* ListaShare */,
				1671F5191EA671DA0021EC98 /* ListaShareTests */,
				1671F5001EA671DA0021EC98 /* Products */,
				3F5A5D471C65A9F15A7DCCB8 /* Pods */,
				6382BF087D31E67BB0DF8169 /* Frameworks */,
			);
			sourceTree = "<group>";
		};
		1671F5001EA671DA0021EC98 /* Products */ = {
			isa = PBXGroup;
			children = (
				1671F4FF1EA671DA0021EC98 /* ListaShare.app */,
				1671F5161EA671DA0021EC98 /* ListaShareTests.xctest */,
			);
			name = Products;
			sourceTree = "<group>";
		};
		1671F5011EA671DA0021EC98 /* ListaShare */ = {
			isa = PBXGroup;
			children = (
				166E93421EA7A07600BD1C45 /* util */,
				166E933F1EA79F1F00BD1C45 /* delegate */,
				166E933C1EA7786300BD1C45 /* modelo */,
				1F9D24181EA68EDA00F3FE86 /* DAO */,
				1671F5281EA67A940021EC98 /* controllers */,
				1671F5251EA67A2A0021EC98 /* custom */,
				1671F5021EA671DA0021EC98 /* AppDelegate.swift */,
				1671F5061EA671DA0021EC98 /* Main.storyboard */,
				1671F50C1EA671DA0021EC98 /* Assets.xcassets */,
				1671F50E1EA671DA0021EC98 /* LaunchScreen.storyboard */,
				1671F5111EA671DA0021EC98 /* Info.plist */,
				1671F5091EA671DA0021EC98 /* ListaShare.xcdatamodeld */,
			);
			path = ListaShare;
			sourceTree = "<group>";
		};
		1671F5191EA671DA0021EC98 /* ListaShareTests */ = {
			isa = PBXGroup;
			children = (
				1671F51A1EA671DA0021EC98 /* ListaShareTests.swift */,
				1671F51C1EA671DA0021EC98 /* Info.plist */,
			);
			path = ListaShareTests;
			sourceTree = "<group>";
		};
		1671F5251EA67A2A0021EC98 /* custom */ = {
			isa = PBXGroup;
			children = (
				1671F5261EA67A4F0021EC98 /* CustomCollectionViewCell.swift */,
				1671F52B1EA6821D0021EC98 /* ListaCustomCell.swift */,
				1671F52D1EA6822D0021EC98 /* ProdutoCustomCell.swift */,
			);
			name = custom;
			sourceTree = "<group>";
		};
		1671F5281EA67A940021EC98 /* controllers */ = {
			isa = PBXGroup;
			children = (
				1671F53B1EA6843E0021EC98 /* GruposViewController.swift */,
				1671F53C1EA6843E0021EC98 /* ShareTableViewController.swift */,
				1671F52F1EA682510021EC98 /* ListasTableViewController.swift */,
				1671F5311EA6827D0021EC98 /* ListaProdutoTableViewController.swift */,
				1671F5331EA682900021EC98 /* LoginViewController.swift */,
				1671F5351EA682A90021EC98 /* MeusDadosViewController.swift */,
				1671F5371EA682C10021EC98 /* CadastroProdutoViewController.swift */,
				1671F53F1EA687C00021EC98 /* SplashViewController.swift */,
			);
			name = controllers;
			sourceTree = "<group>";
		};
		1F9D24181EA68EDA00F3FE86 /* DAO */ = {
			isa = PBXGroup;
			children = (
				1F9D24191EA68F0400F3FE86 /* Dao.swift */,
			);
			name = DAO;
			sourceTree = "<group>";
		};
		3F5A5D471C65A9F15A7DCCB8 /* Pods */ = {
			isa = PBXGroup;
			children = (
				5B2E1F0C108FD847FA0891EB /* Pods-ListaShare.debug.xcconfig */,
				1E694334FD5B2BE814F5BD44 /* Pods-ListaShare.release.xcconfig */,
				A178E987F7C3C445B4201657 /* Pods-ListaShareTests.debug.xcconfig */,
				9152F7EFA8D06053A47C1A29 /* Pods-ListaShareTests.release.xcconfig */,
			);
			name = Pods;
			sourceTree = "<group>";
		};
		6382BF087D31E67BB0DF8169 /* Frameworks */ = {
			isa = PBXGroup;
			children = (
				166E93471EA7D78300BD1C45 /* Alamofire.framework */,
				166E93481EA7D78300BD1C45 /* AlamofireImage.framework */,
				166E93491EA7D78300BD1C45 /* AlamofireObjectMapper.framework */,
				166E934A1EA7D78300BD1C45 /* ObjectMapper.framework */,
				166E934B1EA7D78300BD1C45 /* TPKeyboardAvoiding.framework */,
				166E93451EA7C5B300BD1C45 /* Pods_ListaShareTests.framework */,
				1A00091CF5A6A0E720EB291A /* Pods_ListaShare.framework */,
				DA5A52F0C17F52517A042DA2 /* Pods_ListaShareTests.framework */,
			);
			name = Frameworks;
			sourceTree = "<group>";
		};
/* End PBXGroup section */

/* Begin PBXNativeTarget section */
		1671F4FE1EA671DA0021EC98 /* ListaShare */ = {
			isa = PBXNativeTarget;
			buildConfigurationList = 1671F51F1EA671DA0021EC98 /* Build configuration list for PBXNativeTarget "ListaShare" */;
			buildPhases = (
				3596C50A023572172841827D /* [CP] Check Pods Manifest.lock */,
				1671F4FB1EA671DA0021EC98 /* Sources */,
				1671F4FC1EA671DA0021EC98 /* Frameworks */,
				1671F4FD1EA671DA0021EC98 /* Resources */,
				07CFE10A1D5F049AFFB11490 /* [CP] Embed Pods Frameworks */,
				1C06C814EB1E2F9946FDCED0 /* [CP] Copy Pods Resources */,
			);
			buildRules = (
			);
			dependencies = (
			);
			name = ListaShare;
			productName = ListaShare;
			productReference = 1671F4FF1EA671DA0021EC98 /* ListaShare.app */;
			productType = "com.apple.product-type.application";
		};
		1671F5151EA671DA0021EC98 /* ListaShareTests */ = {
			isa = PBXNativeTarget;
			buildConfigurationList = 1671F5221EA671DA0021EC98 /* Build configuration list for PBXNativeTarget "ListaShareTests" */;
			buildPhases = (
				B6DCF104393F46A35C2E5568 /* [CP] Check Pods Manifest.lock */,
				1671F5121EA671DA0021EC98 /* Sources */,
				1671F5131EA671DA0021EC98 /* Frameworks */,
				1671F5141EA671DA0021EC98 /* Resources */,
				D4B13CB5C9DFE5C03BB43989 /* [CP] Embed Pods Frameworks */,
				8CEB4E76C26CBA65DA12CCE6 /* [CP] Copy Pods Resources */,
			);
			buildRules = (
			);
			dependencies = (
				1671F5181EA671DA0021EC98 /* PBXTargetDependency */,
			);
			name = ListaShareTests;
			productName = ListaShareTests;
			productReference = 1671F5161EA671DA0021EC98 /* ListaShareTests.xctest */;
			productType = "com.apple.product-type.bundle.unit-test";
		};
/* End PBXNativeTarget section */

/* Begin PBXProject section */
		1671F4F71EA671DA0021EC98 /* Project object */ = {
			isa = PBXProject;
			attributes = {
				LastSwiftUpdateCheck = 0830;
				LastUpgradeCheck = 0830;
				ORGANIZATIONNAME = Tamadrum;
				TargetAttributes = {
					1671F4FE1EA671DA0021EC98 = {
						CreatedOnToolsVersion = 8.3.1;
						DevelopmentTeam = P5NJ75969Q;
						ProvisioningStyle = Automatic;
					};
					1671F5151EA671DA0021EC98 = {
						CreatedOnToolsVersion = 8.3.1;
						DevelopmentTeam = P5NJ75969Q;
						ProvisioningStyle = Automatic;
						TestTargetID = 1671F4FE1EA671DA0021EC98;
					};
				};
			};
			buildConfigurationList = 1671F4FA1EA671DA0021EC98 /* Build configuration list for PBXProject "ListaShare" */;
			compatibilityVersion = "Xcode 3.2";
			developmentRegion = English;
			hasScannedForEncodings = 0;
			knownRegions = (
				en,
				Base,
			);
			mainGroup = 1671F4F61EA671DA0021EC98;
			productRefGroup = 1671F5001EA671DA0021EC98 /* Products */;
			projectDirPath = "";
			projectRoot = "";
			targets = (
				1671F4FE1EA671DA0021EC98 /* ListaShare */,
				1671F5151EA671DA0021EC98 /* ListaShareTests */,
			);
		};
/* End PBXProject section */

/* Begin PBXResourcesBuildPhase section */
		1671F4FD1EA671DA0021EC98 /* Resources */ = {
			isa = PBXResourcesBuildPhase;
			buildActionMask = 2147483647;
			files = (
				1671F5101EA671DA0021EC98 /* LaunchScreen.storyboard in Resources */,
				1671F50D1EA671DA0021EC98 /* Assets.xcassets in Resources */,
				1671F5081EA671DA0021EC98 /* Main.storyboard in Resources */,
			);
			runOnlyForDeploymentPostprocessing = 0;
		};
		1671F5141EA671DA0021EC98 /* Resources */ = {
			isa = PBXResourcesBuildPhase;
			buildActionMask = 2147483647;
			files = (
			);
			runOnlyForDeploymentPostprocessing = 0;
		};
/* End PBXResourcesBuildPhase section */

/* Begin PBXShellScriptBuildPhase section */
		07CFE10A1D5F049AFFB11490 /* [CP] Embed Pods Frameworks */ = {
			isa = PBXShellScriptBuildPhase;
			buildActionMask = 2147483647;
			files = (
			);
			inputPaths = (
			);
			name = "[CP] Embed Pods Frameworks";
			outputPaths = (
			);
			runOnlyForDeploymentPostprocessing = 0;
			shellPath = /bin/sh;
			shellScript = "\"${SRCROOT}/Pods/Target Support Files/Pods-ListaShare/Pods-ListaShare-frameworks.sh\"\n";
			showEnvVarsInLog = 0;
		};
		1C06C814EB1E2F9946FDCED0 /* [CP] Copy Pods Resources */ = {
			isa = PBXShellScriptBuildPhase;
			buildActionMask = 2147483647;
			files = (
			);
			inputPaths = (
			);
			name = "[CP] Copy Pods Resources";
			outputPaths = (
			);
			runOnlyForDeploymentPostprocessing = 0;
			shellPath = /bin/sh;
			shellScript = "\"${SRCROOT}/Pods/Target Support Files/Pods-ListaShare/Pods-ListaShare-resources.sh\"\n";
			showEnvVarsInLog = 0;
		};
		3596C50A023572172841827D /* [CP] Check Pods Manifest.lock */ = {
			isa = PBXShellScriptBuildPhase;
			buildActionMask = 2147483647;
			files = (
			);
			inputPaths = (
			);
			name = "[CP] Check Pods Manifest.lock";
			outputPaths = (
			);
			runOnlyForDeploymentPostprocessing = 0;
			shellPath = /bin/sh;
			shellScript = "diff \"${PODS_ROOT}/../Podfile.lock\" \"${PODS_ROOT}/Manifest.lock\" > /dev/null\nif [ $? != 0 ] ; then\n    # print error to STDERR\n    echo \"error: The sandbox is not in sync with the Podfile.lock. Run 'pod install' or update your CocoaPods installation.\" >&2\n    exit 1\nfi\n";
			showEnvVarsInLog = 0;
		};
		8CEB4E76C26CBA65DA12CCE6 /* [CP] Copy Pods Resources */ = {
			isa = PBXShellScriptBuildPhase;
			buildActionMask = 2147483647;
			files = (
			);
			inputPaths = (
			);
			name = "[CP] Copy Pods Resources";
			outputPaths = (
			);
			runOnlyForDeploymentPostprocessing = 0;
			shellPath = /bin/sh;
			shellScript = "\"${SRCROOT}/Pods/Target Support Files/Pods-ListaShareTests/Pods-ListaShareTests-resources.sh\"\n";
			showEnvVarsInLog = 0;
		};
		B6DCF104393F46A35C2E5568 /* [CP] Check Pods Manifest.lock */ = {
			isa = PBXShellScriptBuildPhase;
			buildActionMask = 2147483647;
			files = (
			);
			inputPaths = (
			);
			name = "[CP] Check Pods Manifest.lock";
			outputPaths = (
			);
			runOnlyForDeploymentPostprocessing = 0;
			shellPath = /bin/sh;
			shellScript = "diff \"${PODS_ROOT}/../Podfile.lock\" \"${PODS_ROOT}/Manifest.lock\" > /dev/null\nif [ $? != 0 ] ; then\n    # print error to STDERR\n    echo \"error: The sandbox is not in sync with the Podfile.lock. Run 'pod install' or update your CocoaPods installation.\" >&2\n    exit 1\nfi\n";
			showEnvVarsInLog = 0;
		};
		D4B13CB5C9DFE5C03BB43989 /* [CP] Embed Pods Frameworks */ = {
			isa = PBXShellScriptBuildPhase;
			buildActionMask = 2147483647;
			files = (
			);
			inputPaths = (
			);
			name = "[CP] Embed Pods Frameworks";
			outputPaths = (
			);
			runOnlyForDeploymentPostprocessing = 0;
			shellPath = /bin/sh;
			shellScript = "\"${SRCROOT}/Pods/Target Support Files/Pods-ListaShareTests/Pods-ListaShareTests-frameworks.sh\"\n";
			showEnvVarsInLog = 0;
		};
/* End PBXShellScriptBuildPhase section */

/* Begin PBXSourcesBuildPhase section */
		1671F4FB1EA671DA0021EC98 /* Sources */ = {
			isa = PBXSourcesBuildPhase;
			buildActionMask = 2147483647;
			files = (
				166E93441EA7A08C00BD1C45 /* DadosSync.swift in Sources */,
				1671F5341EA682900021EC98 /* LoginViewController.swift in Sources */,
				1671F5361EA682A90021EC98 /* MeusDadosViewController.swift in Sources */,
				1671F5321EA6827D0021EC98 /* ListaProdutoTableViewController.swift in Sources */,
				166E93411EA79F3700BD1C45 /* CadastraProdutoDelegate.swift in Sources */,
				1671F5031EA671DA0021EC98 /* AppDelegate.swift in Sources */,
				1671F5301EA682510021EC98 /* ListasTableViewController.swift in Sources */,
				1671F52E1EA6822D0021EC98 /* ProdutoCustomCell.swift in Sources */,
				1F9D241A1EA68F0400F3FE86 /* Dao.swift in Sources */,
				1671F5401EA687C00021EC98 /* SplashViewController.swift in Sources */,
				166E933E1EA7787D00BD1C45 /* Usuario.swift in Sources */,
				1671F53E1EA6843E0021EC98 /* ShareTableViewController.swift in Sources */,
				1671F53D1EA6843E0021EC98 /* GruposViewController.swift in Sources */,
				1671F50B1EA671DA0021EC98 /* ListaShare.xcdatamodeld in Sources */,
				1671F5381EA682C10021EC98 /* CadastroProdutoViewController.swift in Sources */,
				1671F5271EA67A4F0021EC98 /* CustomCollectionViewCell.swift in Sources */,
				1671F52C1EA6821D0021EC98 /* ListaCustomCell.swift in Sources */,
			);
			runOnlyForDeploymentPostprocessing = 0;
		};
		1671F5121EA671DA0021EC98 /* Sources */ = {
			isa = PBXSourcesBuildPhase;
			buildActionMask = 2147483647;
			files = (
				1671F51B1EA671DA0021EC98 /* ListaShareTests.swift in Sources */,
			);
			runOnlyForDeploymentPostprocessing = 0;
		};
/* End PBXSourcesBuildPhase section */

/* Begin PBXTargetDependency section */
		1671F5181EA671DA0021EC98 /* PBXTargetDependency */ = {
			isa = PBXTargetDependency;
			target = 1671F4FE1EA671DA0021EC98 /* ListaShare */;
			targetProxy = 1671F5171EA671DA0021EC98 /* PBXContainerItemProxy */;
		};
/* End PBXTargetDependency section */

/* Begin PBXVariantGroup section */
		1671F5061EA671DA0021EC98 /* Main.storyboard */ = {
			isa = PBXVariantGroup;
			children = (
				1671F5071EA671DA0021EC98 /* Base */,
			);
			name = Main.storyboard;
			sourceTree = "<group>";
		};
		1671F50E1EA671DA0021EC98 /* LaunchScreen.storyboard */ = {
			isa = PBXVariantGroup;
			children = (
				1671F50F1EA671DA0021EC98 /* Base */,
			);
			name = LaunchScreen.storyboard;
			sourceTree = "<group>";
		};
/* End PBXVariantGroup section */

/* Begin XCBuildConfiguration section */
		1671F51D1EA671DA0021EC98 /* Debug */ = {
			isa = XCBuildConfiguration;
			buildSettings = {
				ALWAYS_SEARCH_USER_PATHS = NO;
				CLANG_ANALYZER_NONNULL = YES;
				CLANG_ANALYZER_NUMBER_OBJECT_CONVERSION = YES_AGGRESSIVE;
				CLANG_CXX_LANGUAGE_STANDARD = "gnu++0x";
				CLANG_CXX_LIBRARY = "libc++";
				CLANG_ENABLE_MODULES = YES;
				CLANG_ENABLE_OBJC_ARC = YES;
				CLANG_WARN_BOOL_CONVERSION = YES;
				CLANG_WARN_CONSTANT_CONVERSION = YES;
				CLANG_WARN_DIRECT_OBJC_ISA_USAGE = YES_ERROR;
				CLANG_WARN_DOCUMENTATION_COMMENTS = YES;
				CLANG_WARN_EMPTY_BODY = YES;
				CLANG_WARN_ENUM_CONVERSION = YES;
				CLANG_WARN_INFINITE_RECURSION = YES;
				CLANG_WARN_INT_CONVERSION = YES;
				CLANG_WARN_OBJC_ROOT_CLASS = YES_ERROR;
				CLANG_WARN_SUSPICIOUS_MOVE = YES;
				CLANG_WARN_UNREACHABLE_CODE = YES;
				CLANG_WARN__DUPLICATE_METHOD_MATCH = YES;
				"CODE_SIGN_IDENTITY[sdk=iphoneos*]" = "iPhone Developer";
				COPY_PHASE_STRIP = NO;
				DEBUG_INFORMATION_FORMAT = dwarf;
				ENABLE_STRICT_OBJC_MSGSEND = YES;
				ENABLE_TESTABILITY = YES;
				GCC_C_LANGUAGE_STANDARD = gnu99;
				GCC_DYNAMIC_NO_PIC = NO;
				GCC_NO_COMMON_BLOCKS = YES;
				GCC_OPTIMIZATION_LEVEL = 0;
				GCC_PREPROCESSOR_DEFINITIONS = (
					"DEBUG=1",
					"$(inherited)",
				);
				GCC_WARN_64_TO_32_BIT_CONVERSION = YES;
				GCC_WARN_ABOUT_RETURN_TYPE = YES_ERROR;
				GCC_WARN_UNDECLARED_SELECTOR = YES;
				GCC_WARN_UNINITIALIZED_AUTOS = YES_AGGRESSIVE;
				GCC_WARN_UNUSED_FUNCTION = YES;
				GCC_WARN_UNUSED_VARIABLE = YES;
				IPHONEOS_DEPLOYMENT_TARGET = 10.3;
				MTL_ENABLE_DEBUG_INFO = YES;
				ONLY_ACTIVE_ARCH = YES;
				SDKROOT = iphoneos;
				SWIFT_ACTIVE_COMPILATION_CONDITIONS = DEBUG;
				SWIFT_OPTIMIZATION_LEVEL = "-Onone";
				TARGETED_DEVICE_FAMILY = "1,2";
			};
			name = Debug;
		};
		1671F51E1EA671DA0021EC98 /* Release */ = {
			isa = XCBuildConfiguration;
			buildSettings = {
				ALWAYS_SEARCH_USER_PATHS = NO;
				CLANG_ANALYZER_NONNULL = YES;
				CLANG_ANALYZER_NUMBER_OBJECT_CONVERSION = YES_AGGRESSIVE;
				CLANG_CXX_LANGUAGE_STANDARD = "gnu++0x";
				CLANG_CXX_LIBRARY = "libc++";
				CLANG_ENABLE_MODULES = YES;
				CLANG_ENABLE_OBJC_ARC = YES;
				CLANG_WARN_BOOL_CONVERSION = YES;
				CLANG_WARN_CONSTANT_CONVERSION = YES;
				CLANG_WARN_DIRECT_OBJC_ISA_USAGE = YES_ERROR;
				CLANG_WARN_DOCUMENTATION_COMMENTS = YES;
				CLANG_WARN_EMPTY_BODY = YES;
				CLANG_WARN_ENUM_CONVERSION = YES;
				CLANG_WARN_INFINITE_RECURSION = YES;
				CLANG_WARN_INT_CONVERSION = YES;
				CLANG_WARN_OBJC_ROOT_CLASS = YES_ERROR;
				CLANG_WARN_SUSPICIOUS_MOVE = YES;
				CLANG_WARN_UNREACHABLE_CODE = YES;
				CLANG_WARN__DUPLICATE_METHOD_MATCH = YES;
				"CODE_SIGN_IDENTITY[sdk=iphoneos*]" = "iPhone Developer";
				COPY_PHASE_STRIP = NO;
				DEBUG_INFORMATION_FORMAT = "dwarf-with-dsym";
				ENABLE_NS_ASSERTIONS = NO;
				ENABLE_STRICT_OBJC_MSGSEND = YES;
				GCC_C_LANGUAGE_STANDARD = gnu99;
				GCC_NO_COMMON_BLOCKS = YES;
				GCC_WARN_64_TO_32_BIT_CONVERSION = YES;
				GCC_WARN_ABOUT_RETURN_TYPE = YES_ERROR;
				GCC_WARN_UNDECLARED_SELECTOR = YES;
				GCC_WARN_UNINITIALIZED_AUTOS = YES_AGGRESSIVE;
				GCC_WARN_UNUSED_FUNCTION = YES;
				GCC_WARN_UNUSED_VARIABLE = YES;
				IPHONEOS_DEPLOYMENT_TARGET = 10.3;
				MTL_ENABLE_DEBUG_INFO = NO;
				SDKROOT = iphoneos;
				SWIFT_OPTIMIZATION_LEVEL = "-Owholemodule";
				TARGETED_DEVICE_FAMILY = "1,2";
				VALIDATE_PRODUCT = YES;
			};
			name = Release;
		};
		1671F5201EA671DA0021EC98 /* Debug */ = {
			isa = XCBuildConfiguration;
			baseConfigurationReference = 5B2E1F0C108FD847FA0891EB /* Pods-ListaShare.debug.xcconfig */;
			buildSettings = {
				ASSETCATALOG_COMPILER_APPICON_NAME = AppIcon;
				DEVELOPMENT_TEAM = P5NJ75969Q;
				FRAMEWORK_SEARCH_PATHS = (
					"$(inherited)",
					"$(PROJECT_DIR)/build/Debug-iphoneos",
				);
				INFOPLIST_FILE = ListaShare/Info.plist;
				LD_RUNPATH_SEARCH_PATHS = "$(inherited) @executable_path/Frameworks";
				PRODUCT_BUNDLE_IDENTIFIER = br.com.2luglios.ListaShare;
				PRODUCT_NAME = "$(TARGET_NAME)";
				SWIFT_VERSION = 3.0;
			};
			name = Debug;
		};
		1671F5211EA671DA0021EC98 /* Release */ = {
			isa = XCBuildConfiguration;
			baseConfigurationReference = 1E694334FD5B2BE814F5BD44 /* Pods-ListaShare.release.xcconfig */;
			buildSettings = {
				ASSETCATALOG_COMPILER_APPICON_NAME = AppIcon;
				DEVELOPMENT_TEAM = P5NJ75969Q;
				FRAMEWORK_SEARCH_PATHS = (
					"$(inherited)",
					"$(PROJECT_DIR)/build/Debug-iphoneos",
				);
				INFOPLIST_FILE = ListaShare/Info.plist;
				LD_RUNPATH_SEARCH_PATHS = "$(inherited) @executable_path/Frameworks";
				PRODUCT_BUNDLE_IDENTIFIER = br.com.2luglios.ListaShare;
				PRODUCT_NAME = "$(TARGET_NAME)";
				SWIFT_VERSION = 3.0;
			};
			name = Release;
		};
		1671F5231EA671DA0021EC98 /* Debug */ = {
			isa = XCBuildConfiguration;
			baseConfigurationReference = A178E987F7C3C445B4201657 /* Pods-ListaShareTests.debug.xcconfig */;
			buildSettings = {
				ALWAYS_EMBED_SWIFT_STANDARD_LIBRARIES = YES;
				BUNDLE_LOADER = "$(TEST_HOST)";
				DEVELOPMENT_TEAM = P5NJ75969Q;
				INFOPLIST_FILE = ListaShareTests/Info.plist;
				LD_RUNPATH_SEARCH_PATHS = "$(inherited) @executable_path/Frameworks @loader_path/Frameworks";
				PRODUCT_BUNDLE_IDENTIFIER = br.com.2luglios.ListaShareTests;
				PRODUCT_NAME = "$(TARGET_NAME)";
				SWIFT_VERSION = 3.0;
				TEST_HOST = "$(BUILT_PRODUCTS_DIR)/ListaShare.app/ListaShare";
			};
			name = Debug;
		};
		1671F5241EA671DA0021EC98 /* Release */ = {
			isa = XCBuildConfiguration;
			baseConfigurationReference = 9152F7EFA8D06053A47C1A29 /* Pods-ListaShareTests.release.xcconfig */;
			buildSettings = {
				ALWAYS_EMBED_SWIFT_STANDARD_LIBRARIES = YES;
				BUNDLE_LOADER = "$(TEST_HOST)";
				DEVELOPMENT_TEAM = P5NJ75969Q;
				INFOPLIST_FILE = ListaShareTests/Info.plist;
				LD_RUNPATH_SEARCH_PATHS = "$(inherited) @executable_path/Frameworks @loader_path/Frameworks";
				PRODUCT_BUNDLE_IDENTIFIER = br.com.2luglios.ListaShareTests;
				PRODUCT_NAME = "$(TARGET_NAME)";
				SWIFT_VERSION = 3.0;
				TEST_HOST = "$(BUILT_PRODUCTS_DIR)/ListaShare.app/ListaShare";
			};
			name = Release;
		};
/* End XCBuildConfiguration section */

/* Begin XCConfigurationList section */
		1671F4FA1EA671DA0021EC98 /* Build configuration list for PBXProject "ListaShare" */ = {
			isa = XCConfigurationList;
			buildConfigurations = (
				1671F51D1EA671DA0021EC98 /* Debug */,
				1671F51E1EA671DA0021EC98 /* Release */,
			);
			defaultConfigurationIsVisible = 0;
			defaultConfigurationName = Release;
		};
		1671F51F1EA671DA0021EC98 /* Build configuration list for PBXNativeTarget "ListaShare" */ = {
			isa = XCConfigurationList;
			buildConfigurations = (
				1671F5201EA671DA0021EC98 /* Debug */,
				1671F5211EA671DA0021EC98 /* Release */,
			);
			defaultConfigurationIsVisible = 0;
			defaultConfigurationName = Release;
		};
		1671F5221EA671DA0021EC98 /* Build configuration list for PBXNativeTarget "ListaShareTests" */ = {
			isa = XCConfigurationList;
			buildConfigurations = (
				1671F5231EA671DA0021EC98 /* Debug */,
				1671F5241EA671DA0021EC98 /* Release */,
			);
			defaultConfigurationIsVisible = 0;
			defaultConfigurationName = Release;
		};
/* End XCConfigurationList section */

/* Begin XCVersionGroup section */
		1671F5091EA671DA0021EC98 /* ListaShare.xcdatamodeld */ = {
			isa = XCVersionGroup;
			children = (
				1671F50A1EA671DA0021EC98 /* ListaShare.xcdatamodel */,
			);
			currentVersion = 1671F50A1EA671DA0021EC98 /* ListaShare.xcdatamodel */;
			path = ListaShare.xcdatamodeld;
			sourceTree = "<group>";
			versionGroupType = wrapper.xcdatamodel;
		};
/* End XCVersionGroup section */
	};
	rootObject = 1671F4F71EA671DA0021EC98 /* Project object */;
}
